
Microsoft Visual Studio Solution File, Format Version 12.00
# Visual Studio Version 17
VisualStudioVersion = 17.2.32519.379
MinimumVisualStudioVersion = 10.0.40219.1
Project("{FAE04EC0-301F-11D3-BF4B-00C04F79EFBC}") = "ElectricBillWebApp", "ElectricBillWebApp\ElectricBillWebApp.csproj", "{00149274-B387-4BF0-8F82-82AA8CDECF71}"
EndProject
Global
	GlobalSection(SolutionConfigurationPlatforms) = preSolution
		Debug|Any CPU = Debug|Any CPU
		Release|Any CPU = Release|Any CPU
	EndGlobalSection
	GlobalSection(ProjectConfigurationPlatforms) = postSolution
		{00149274-B387-4BF0-8F82-82AA8CDECF71}.Debug|Any CPU.ActiveCfg = Debug|Any CPU
		{00149274-B387-4BF0-8F82-82AA8CDECF71}.Debug|Any CPU.Build.0 = Debug|Any CPU
		{00149274-B387-4BF0-8F82-82AA8CDECF71}.Release|Any CPU.ActiveCfg = Release|Any CPU
		{00149274-B387-4BF0-8F82-82AA8CDECF71}.Release|Any CPU.Build.0 = Release|Any CPU
	EndGlobalSection
	GlobalSection(SolutionProperties) = preSolution
		HideSolutionNode = FALSE
	EndGlobalSection
	GlobalSection(ExtensibilityGlobals) = postSolution
		SolutionGuid = {7177BFD4-5D1A-4018-B29C-E73836411936}
	EndGlobalSection
EndGlobal
